schema: '2.0'
stages:
  combine:
    cmd: python combine_csvs_and_jsons.py
    deps:
    - path: combine_csvs_and_jsons.py
      md5: f6a935efe7e0d8f33177ffef45d5c48f
      size: 1019
    outs:
    - path: merged_dataframes.csv
      md5: 7640d08a38cecca4170f2b15a8755c69
      size: 29531075
  convert:
    cmd: python convert_with_api.py merged_dataframes.csv ../Update/new_data
    deps:
    - path: convert_with_api.py
      md5: 9e02d8af629d1d9a49dcaf7d8c292a4a
      size: 11266
    - path: merged_dataframes.csv
      md5: 7640d08a38cecca4170f2b15a8755c69
      size: 29531075
    outs:
    - path: ../Update/new_data.json
      md5: fe91dcb0d25d494407e57c86b3767842
      size: 33420968
  update:
    cmd: python update_golden.py https://raw.githubusercontent.com/nasa-petal/data-collection-and-prep/main/golden
      new_data ../FinalFile/new_golden
    deps:
    - path: new_data.json
      md5: fe91dcb0d25d494407e57c86b3767842
      size: 33420968
    - path: update_golden.py
      md5: 8310b9ac0745597205c9a66c29a10242
      size: 3460
  validate:
    cmd:
    - python ./FinalFile/ge_validate.py
    - zip -r ./FinalFile/Reports/report_$(date +"%Y-%m-%dT%H-%M-%S").zip ./great_expectations/uncommitted/data_docs
