schema: '2.0'
stages:
  combine:
    cmd: python combine_csvs_and_jsons.py
    deps:
    - path: combine_csvs_and_jsons.py
      md5: f6a935efe7e0d8f33177ffef45d5c48f
      size: 1019
    outs:
    - path: merged_dataframes.csv
      md5: e61e9e0ce59c715d0886d62fa798c1b0
      size: 264
  convert:
    cmd: python convert_with_api.py merged_dataframes.csv ../Update/new_data
    deps:
    - path: convert_with_api.py
      md5: fd15c13c4cf6719bbc9e9eb29767e258
      size: 10286
    - path: merged_dataframes.csv
      md5: e61e9e0ce59c715d0886d62fa798c1b0
      size: 264
    outs:
    - path: ../Update/new_data.json
      md5: 0ceee1d2501d9dd883aeac510a44af5d
      size: 2949
  update:
    cmd: python update_golden.py https://raw.githubusercontent.com/nasa-petal/data-collection-and-prep/main/golden
      new_data ../FinalFile/new_golden
    deps:
    - path: new_data.json
      md5: 0ceee1d2501d9dd883aeac510a44af5d
      size: 2949
    - path: update_golden.py
      md5: 8310b9ac0745597205c9a66c29a10242
      size: 3460
